
Microsoft Visual Studio Solution File, Format Version 12.00
# Visual Studio 2013
VisualStudioVersion = 12.0.31101.0
MinimumVisualStudioVersion = 10.0.40219.1
Project("{FAE04EC0-301F-11D3-BF4B-00C04F79EFBC}") = "ElSol_test1", "ElSol_test1\ElSol_test1.csproj", "{719B39A8-FB09-4547-BE75-CD51502EA870}"
EndProject
Project("{FAE04EC0-301F-11D3-BF4B-00C04F79EFBC}") = "ElSol_test1.Tests", "ElSol_test1.Tests\ElSol_test1.Tests.csproj", "{17882403-5042-48F3-8868-A12BC7F2BEB4}"
EndProject
Global
	GlobalSection(SolutionConfigurationPlatforms) = preSolution
		Debug|Any CPU = Debug|Any CPU
		Release|Any CPU = Release|Any CPU
	EndGlobalSection
	GlobalSection(ProjectConfigurationPlatforms) = postSolution
		{719B39A8-FB09-4547-BE75-CD51502EA870}.Debug|Any CPU.ActiveCfg = Debug|Any CPU
		{719B39A8-FB09-4547-BE75-CD51502EA870}.Debug|Any CPU.Build.0 = Debug|Any CPU
		{719B39A8-FB09-4547-BE75-CD51502EA870}.Release|Any CPU.ActiveCfg = Release|Any CPU
		{719B39A8-FB09-4547-BE75-CD51502EA870}.Release|Any CPU.Build.0 = Release|Any CPU
		{17882403-5042-48F3-8868-A12BC7F2BEB4}.Debug|Any CPU.ActiveCfg = Debug|Any CPU
		{17882403-5042-48F3-8868-A12BC7F2BEB4}.Debug|Any CPU.Build.0 = Debug|Any CPU
		{17882403-5042-48F3-8868-A12BC7F2BEB4}.Release|Any CPU.ActiveCfg = Release|Any CPU
		{17882403-5042-48F3-8868-A12BC7F2BEB4}.Release|Any CPU.Build.0 = Release|Any CPU
	EndGlobalSection
	GlobalSection(SolutionProperties) = preSolution
		HideSolutionNode = FALSE
	EndGlobalSection
EndGlobal
